// !$*UTF8*$!
{
	archiveVersion = 1;
	classes = {
	};
	objectVersion = 46;
	objects = {

/* Begin PBXBuildFile section */
		3E9F6E0F18AF72850092DA0E /* Foundation.framework in Frameworks */ = {isa = PBXBuildFile; fileRef = 3E9F6E0E18AF72850092DA0E /* Foundation.framework */; };
		3E9F6E1118AF72850092DA0E /* CoreGraphics.framework in Frameworks */ = {isa = PBXBuildFile; fileRef = 3E9F6E1018AF72850092DA0E /* CoreGraphics.framework */; };
		3E9F6E1318AF72850092DA0E /* UIKit.framework in Frameworks */ = {isa = PBXBuildFile; fileRef = 3E9F6E1218AF72850092DA0E /* UIKit.framework */; };
		3E9F6E1918AF72850092DA0E /* InfoPlist.strings in Resources */ = {isa = PBXBuildFile; fileRef = 3E9F6E1718AF72850092DA0E /* InfoPlist.strings */; };
		3E9F6E1B18AF72850092DA0E /* main.m in Sources */ = {isa = PBXBuildFile; fileRef = 3E9F6E1A18AF72850092DA0E /* main.m */; };
		3E9F6E1F18AF72850092DA0E /* RITAppDelegate.m in Sources */ = {isa = PBXBuildFile; fileRef = 3E9F6E1E18AF72850092DA0E /* RITAppDelegate.m */; };
		3E9F6E2118AF72850092DA0E /* Images.xcassets in Resources */ = {isa = PBXBuildFile; fileRef = 3E9F6E2018AF72850092DA0E /* Images.xcassets */; };
		3E9F6E2818AF72850092DA0E /* XCTest.framework in Frameworks */ = {isa = PBXBuildFile; fileRef = 3E9F6E2718AF72850092DA0E /* XCTest.framework */; };
		3E9F6E2918AF72850092DA0E /* Foundation.framework in Frameworks */ = {isa = PBXBuildFile; fileRef = 3E9F6E0E18AF72850092DA0E /* Foundation.framework */; };
		3E9F6E2A18AF72850092DA0E /* UIKit.framework in Frameworks */ = {isa = PBXBuildFile; fileRef = 3E9F6E1218AF72850092DA0E /* UIKit.framework */; };
		3E9F6E3218AF72850092DA0E /* InfoPlist.strings in Resources */ = {isa = PBXBuildFile; fileRef = 3E9F6E3018AF72850092DA0E /* InfoPlist.strings */; };
		3E9F6E3418AF72850092DA0E /* _5BitsTestHW01Tests.m in Sources */ = {isa = PBXBuildFile; fileRef = 3E9F6E3318AF72850092DA0E /* _5BitsTestHW01Tests.m */; };
		A29525C718B00DC500597936 /* RITStudent.m in Sources */ = {isa = PBXBuildFile; fileRef = A29525C618B00DC500597936 /* RITStudent.m */; };
/* End PBXBuildFile section */

/* Begin PBXContainerItemProxy section */
		3E9F6E2B18AF72850092DA0E /* PBXContainerItemProxy */ = {
			isa = PBXContainerItemProxy;
			containerPortal = 3E9F6E0318AF72850092DA0E /* Project object */;
			proxyType = 1;
			remoteGlobalIDString = 3E9F6E0A18AF72850092DA0E;
			remoteInfo = 15BitsTestHW01;
		};
/* End PBXContainerItemProxy section */

/* Begin PBXFileReference section */
		3E9F6E0B18AF72850092DA0E /* 15BitsTestHW01.app */ = {isa = PBXFileReference; explicitFileType = wrapper.application; includeInIndex = 0; path = 15BitsTestHW01.app; sourceTree = BUILT_PRODUCTS_DIR; };
		3E9F6E0E18AF72850092DA0E /* Foundation.framework */ = {isa = PBXFileReference; lastKnownFileType = wrapper.framework; name = Foundation.framework; path = System/Library/Frameworks/Foundation.framework; sourceTree = SDKROOT; };
		3E9F6E1018AF72850092DA0E /* CoreGraphics.framework */ = {isa = PBXFileReference; lastKnownFileType = wrapper.framework; name = CoreGraphics.framework; path = System/Library/Frameworks/CoreGraphics.framework; sourceTree = SDKROOT; };
		3E9F6E1218AF72850092DA0E /* UIKit.framework */ = {isa = PBXFileReference; lastKnownFileType = wrapper.framework; name = UIKit.framework; path = System/Library/Frameworks/UIKit.framework; sourceTree = SDKROOT; };
		3E9F6E1618AF72850092DA0E /* 15BitsTestHW01-Info.plist */ = {isa = PBXFileReference; lastKnownFileType = text.plist.xml; path = "15BitsTestHW01-Info.plist"; sourceTree = "<group>"; };
		3E9F6E1818AF72850092DA0E /* en */ = {isa = PBXFileReference; lastKnownFileType = text.plist.strings; name = en; path = en.lproj/InfoPlist.strings; sourceTree = "<group>"; };
		3E9F6E1A18AF72850092DA0E /* main.m */ = {isa = PBXFileReference; lastKnownFileType = sourcecode.c.objc; path = main.m; sourceTree = "<group>"; };
		3E9F6E1C18AF72850092DA0E /* 15BitsTestHW01-Prefix.pch */ = {isa = PBXFileReference; lastKnownFileType = sourcecode.c.h; path = "15BitsTestHW01-Prefix.pch"; sourceTree = "<group>"; };
		3E9F6E1D18AF72850092DA0E /* RITAppDelegate.h */ = {isa = PBXFileReference; lastKnownFileType = sourcecode.c.h; path = RITAppDelegate.h; sourceTree = "<group>"; };
		3E9F6E1E18AF72850092DA0E /* RITAppDelegate.m */ = {isa = PBXFileReference; lastKnownFileType = sourcecode.c.objc; path = RITAppDelegate.m; sourceTree = "<group>"; };
		3E9F6E2018AF72850092DA0E /* Images.xcassets */ = {isa = PBXFileReference; lastKnownFileType = folder.assetcatalog; path = Images.xcassets; sourceTree = "<group>"; };
		3E9F6E2618AF72850092DA0E /* 15BitsTestHW01Tests.xctest */ = {isa = PBXFileReference; explicitFileType = wrapper.cfbundle; includeInIndex = 0; path = 15BitsTestHW01Tests.xctest; sourceTree = BUILT_PRODUCTS_DIR; };
		3E9F6E2718AF72850092DA0E /* XCTest.framework */ = {isa = PBXFileReference; lastKnownFileType = wrapper.framework; name = XCTest.framework; path = Library/Frameworks/XCTest.framework; sourceTree = DEVELOPER_DIR; };
		3E9F6E2F18AF72850092DA0E /* 15BitsTestHW01Tests-Info.plist */ = {isa = PBXFileReference; lastKnownFileType = text.plist.xml; path = "15BitsTestHW01Tests-Info.plist"; sourceTree = "<group>"; };
		3E9F6E3118AF72850092DA0E /* en */ = {isa = PBXFileReference; lastKnownFileType = text.plist.strings; name = en; path = en.lproj/InfoPlist.strings; sourceTree = "<group>"; };
		3E9F6E3318AF72850092DA0E /* _5BitsTestHW01Tests.m */ = {isa = PBXFileReference; lastKnownFileType = sourcecode.c.objc; path = _5BitsTestHW01Tests.m; sourceTree = "<group>"; };
		A29525C518B00DC500597936 /* RITStudent.h */ = {isa = PBXFileReference; fileEncoding = 4; lastKnownFileType = sourcecode.c.h; path = RITStudent.h; sourceTree = "<group>"; };
		A29525C618B00DC500597936 /* RITStudent.m */ = {isa = PBXFileReference; fileEncoding = 4; lastKnownFileType = sourcecode.c.objc; path = RITStudent.m; sourceTree = "<group>"; };
/* End PBXFileReference section */

/* Begin PBXFrameworksBuildPhase section */
		3E9F6E0818AF72850092DA0E /* Frameworks */ = {
			isa = PBXFrameworksBuildPhase;
			buildActionMask = 2147483647;
			files = (
				3E9F6E1118AF72850092DA0E /* CoreGraphics.framework in Frameworks */,
				3E9F6E1318AF72850092DA0E /* UIKit.framework in Frameworks */,
				3E9F6E0F18AF72850092DA0E /* Foundation.framework in Frameworks */,
			);
			runOnlyForDeploymentPostprocessing = 0;
		};
		3E9F6E2318AF72850092DA0E /* Frameworks */ = {
			isa = PBXFrameworksBuildPhase;
			buildActionMask = 2147483647;
			files = (
				3E9F6E2818AF72850092DA0E /* XCTest.framework in Frameworks */,
				3E9F6E2A18AF72850092DA0E /* UIKit.framework in Frameworks */,
				3E9F6E2918AF72850092DA0E /* Foundation.framework in Frameworks */,
			);
			runOnlyForDeploymentPostprocessing = 0;
		};
/* End PBXFrameworksBuildPhase section */

/* Begin PBXGroup section */
		3E9F6E0218AF72850092DA0E = {
			isa = PBXGroup;
			children = (
				3E9F6E1418AF72850092DA0E /* 15BitsTestHW01 */,
				3E9F6E2D18AF72850092DA0E /* 15BitsTestHW01Tests */,
				3E9F6E0D18AF72850092DA0E /* Frameworks */,
				3E9F6E0C18AF72850092DA0E /* Products */,
			);
			sourceTree = "<group>";
		};
		3E9F6E0C18AF72850092DA0E /* Products */ = {
			isa = PBXGroup;
			children = (
				3E9F6E0B18AF72850092DA0E /* 15BitsTestHW01.app */,
				3E9F6E2618AF72850092DA0E /* 15BitsTestHW01Tests.xctest */,
			);
			name = Products;
			sourceTree = "<group>";
		};
		3E9F6E0D18AF72850092DA0E /* Frameworks */ = {
			isa = PBXGroup;
			children = (
				3E9F6E0E18AF72850092DA0E /* Foundation.framework */,
				3E9F6E1018AF72850092DA0E /* CoreGraphics.framework */,
				3E9F6E1218AF72850092DA0E /* UIKit.framework */,
				3E9F6E2718AF72850092DA0E /* XCTest.framework */,
			);
			name = Frameworks;
			sourceTree = "<group>";
		};
		3E9F6E1418AF72850092DA0E /* 15BitsTestHW01 */ = {
			isa = PBXGroup;
			children = (
				A29525C518B00DC500597936 /* RITStudent.h */,
				A29525C618B00DC500597936 /* RITStudent.m */,
				3E9F6E1D18AF72850092DA0E /* RITAppDelegate.h */,
				3E9F6E1E18AF72850092DA0E /* RITAppDelegate.m */,
				3E9F6E2018AF72850092DA0E /* Images.xcassets */,
				3E9F6E1518AF72850092DA0E /* Supporting Files */,
			);
			path = 15BitsTestHW01;
			sourceTree = "<group>";
		};
		3E9F6E1518AF72850092DA0E /* Supporting Files */ = {
			isa = PBXGroup;
			children = (
				3E9F6E1618AF72850092DA0E /* 15BitsTestHW01-Info.plist */,
				3E9F6E1718AF72850092DA0E /* InfoPlist.strings */,
				3E9F6E1A18AF72850092DA0E /* main.m */,
				3E9F6E1C18AF72850092DA0E /* 15BitsTestHW01-Prefix.pch */,
			);
			name = "Supporting Files";
			sourceTree = "<group>";
		};
		3E9F6E2D18AF72850092DA0E /* 15BitsTestHW01Tests */ = {
			isa = PBXGroup;
			children = (
				3E9F6E3318AF72850092DA0E /* _5BitsTestHW01Tests.m */,
				3E9F6E2E18AF72850092DA0E /* Supporting Files */,
			);
			path = 15BitsTestHW01Tests;
			sourceTree = "<group>";
		};
		3E9F6E2E18AF72850092DA0E /* Supporting Files */ = {
			isa = PBXGroup;
			children = (
				3E9F6E2F18AF72850092DA0E /* 15BitsTestHW01Tests-Info.plist */,
				3E9F6E3018AF72850092DA0E /* InfoPlist.strings */,
			);
			name = "Supporting Files";
			sourceTree = "<group>";
		};
/* End PBXGroup section */

/* Begin PBXNativeTarget section */
		3E9F6E0A18AF72850092DA0E /* 15BitsTestHW01 */ = {
			isa = PBXNativeTarget;
			buildConfigurationList = 3E9F6E3718AF72850092DA0E /* Build configuration list for PBXNativeTarget "15BitsTestHW01" */;
			buildPhases = (
				3E9F6E0718AF72850092DA0E /* Sources */,
				3E9F6E0818AF72850092DA0E /* Frameworks */,
				3E9F6E0918AF72850092DA0E /* Resources */,
			);
			buildRules = (
			);
			dependencies = (
			);
			name = 15BitsTestHW01;
			productName = 15BitsTestHW01;
			productReference = 3E9F6E0B18AF72850092DA0E /* 15BitsTestHW01.app */;
			productType = "com.apple.product-type.application";
		};
		3E9F6E2518AF72850092DA0E /* 15BitsTestHW01Tests */ = {
			isa = PBXNativeTarget;
			buildConfigurationList = 3E9F6E3A18AF72850092DA0E /* Build configuration list for PBXNativeTarget "15BitsTestHW01Tests" */;
			buildPhases = (
				3E9F6E2218AF72850092DA0E /* Sources */,
				3E9F6E2318AF72850092DA0E /* Frameworks */,
				3E9F6E2418AF72850092DA0E /* Resources */,
			);
			buildRules = (
			);
			dependencies = (
				3E9F6E2C18AF72850092DA0E /* PBXTargetDependency */,
			);
			name = 15BitsTestHW01Tests;
			productName = 15BitsTestHW01Tests;
			productReference = 3E9F6E2618AF72850092DA0E /* 15BitsTestHW01Tests.xctest */;
			productType = "com.apple.product-type.bundle.unit-test";
		};
/* End PBXNativeTarget section */

/* Begin PBXProject section */
		3E9F6E0318AF72850092DA0E /* Project object */ = {
			isa = PBXProject;
			attributes = {
				CLASSPREFIX = RIT;
				LastUpgradeCheck = 0500;
				ORGANIZATIONNAME = "Aleksandr Pronin";
				TargetAttributes = {
					3E9F6E2518AF72850092DA0E = {
						TestTargetID = 3E9F6E0A18AF72850092DA0E;
					};
				};
			};
			buildConfigurationList = 3E9F6E0618AF72850092DA0E /* Build configuration list for PBXProject "15BitsTestHW01" */;
			compatibilityVersion = "Xcode 3.2";
			developmentRegion = English;
			hasScannedForEncodings = 0;
			knownRegions = (
				en,
			);
			mainGroup = 3E9F6E0218AF72850092DA0E;
			productRefGroup = 3E9F6E0C18AF72850092DA0E /* Products */;
			projectDirPath = "";
			projectRoot = "";
			targets = (
				3E9F6E0A18AF72850092DA0E /* 15BitsTestHW01 */,
				3E9F6E2518AF72850092DA0E /* 15BitsTestHW01Tests */,
			);
		};
/* End PBXProject section */

/* Begin PBXResourcesBuildPhase section */
		3E9F6E0918AF72850092DA0E /* Resources */ = {
			isa = PBXResourcesBuildPhase;
			buildActionMask = 2147483647;
			files = (
				3E9F6E1918AF72850092DA0E /* InfoPlist.strings in Resources */,
				3E9F6E2118AF72850092DA0E /* Images.xcassets in Resources */,
			);
			runOnlyForDeploymentPostprocessing = 0;
		};
		3E9F6E2418AF72850092DA0E /* Resources */ = {
			isa = PBXResourcesBuildPhase;
			buildActionMask = 2147483647;
			files = (
				3E9F6E3218AF72850092DA0E /* InfoPlist.strings in Resources */,
			);
			runOnlyForDeploymentPostprocessing = 0;
		};
/* End PBXResourcesBuildPhase section */

/* Begin PBXSourcesBuildPhase section */
		3E9F6E0718AF72850092DA0E /* Sources */ = {
			isa = PBXSourcesBuildPhase;
			buildActionMask = 2147483647;
			files = (
				3E9F6E1F18AF72850092DA0E /* RITAppDelegate.m in Sources */,
				A29525C718B00DC500597936 /* RITStudent.m in Sources */,
				3E9F6E1B18AF72850092DA0E /* main.m in Sources */,
			);
			runOnlyForDeploymentPostprocessing = 0;
		};
		3E9F6E2218AF72850092DA0E /* Sources */ = {
			isa = PBXSourcesBuildPhase;
			buildActionMask = 2147483647;
			files = (
				3E9F6E3418AF72850092DA0E /* _5BitsTestHW01Tests.m in Sources */,
			);
			runOnlyForDeploymentPostprocessing = 0;
		};
/* End PBXSourcesBuildPhase section */

/* Begin PBXTargetDependency section */
		3E9F6E2C18AF72850092DA0E /* PBXTargetDependency */ = {
			isa = PBXTargetDependency;
			target = 3E9F6E0A18AF72850092DA0E /* 15BitsTestHW01 */;
			targetProxy = 3E9F6E2B18AF72850092DA0E /* PBXContainerItemProxy */;
		};
/* End PBXTargetDependency section */

/* Begin PBXVariantGroup section */
		3E9F6E1718AF72850092DA0E /* InfoPlist.strings */ = {
			isa = PBXVariantGroup;
			children = (
				3E9F6E1818AF72850092DA0E /* en */,
			);
			name = InfoPlist.strings;
			sourceTree = "<group>";
		};
		3E9F6E3018AF72850092DA0E /* InfoPlist.strings */ = {
			isa = PBXVariantGroup;
			children = (
				3E9F6E3118AF72850092DA0E /* en */,
			);
			name = InfoPlist.strings;
			sourceTree = "<group>";
		};
/* End PBXVariantGroup section */

/* Begin XCBuildConfiguration section */
		3E9F6E3518AF72850092DA0E /* Debug */ = {
			isa = XCBuildConfiguration;
			buildSettings = {
				ALWAYS_SEARCH_USER_PATHS = NO;
				ARCHS = "$(ARCHS_STANDARD_INCLUDING_64_BIT)";
				CLANG_CXX_LANGUAGE_STANDARD = "gnu++0x";
				CLANG_CXX_LIBRARY = "libc++";
				CLANG_ENABLE_MODULES = YES;
				CLANG_ENABLE_OBJC_ARC = YES;
				CLANG_WARN_BOOL_CONVERSION = YES;
				CLANG_WARN_CONSTANT_CONVERSION = YES;
				CLANG_WARN_DIRECT_OBJC_ISA_USAGE = YES_ERROR;
				CLANG_WARN_EMPTY_BODY = YES;
				CLANG_WARN_ENUM_CONVERSION = YES;
				CLANG_WARN_INT_CONVERSION = YES;
				CLANG_WARN_OBJC_ROOT_CLASS = YES_ERROR;
				CLANG_WARN__DUPLICATE_METHOD_MATCH = YES;
				"CODE_SIGN_IDENTITY[sdk=iphoneos*]" = "iPhone Developer";
				COPY_PHASE_STRIP = NO;
				GCC_C_LANGUAGE_STANDARD = gnu99;
				GCC_DYNAMIC_NO_PIC = NO;
				GCC_OPTIMIZATION_LEVEL = 0;
				GCC_PREPROCESSOR_DEFINITIONS = (
					"DEBUG=1",
					"$(inherited)",
				);
				GCC_SYMBOLS_PRIVATE_EXTERN = NO;
				GCC_WARN_64_TO_32_BIT_CONVERSION = YES;
				GCC_WARN_ABOUT_RETURN_TYPE = YES_ERROR;
				GCC_WARN_UNDECLARED_SELECTOR = YES;
				GCC_WARN_UNINITIALIZED_AUTOS = YES;
				GCC_WARN_UNUSED_FUNCTION = YES;
				GCC_WARN_UNUSED_VARIABLE = YES;
				IPHONEOS_DEPLOYMENT_TARGET = 7.0;
				ONLY_ACTIVE_ARCH = YES;
				SDKROOT = iphoneos;
			};
			name = Debug;
		};
		3E9F6E3618AF72850092DA0E /* Release */ = {
			isa = XCBuildConfiguration;
			buildSettings = {
				ALWAYS_SEARCH_USER_PATHS = NO;
				ARCHS = "$(ARCHS_STANDARD_INCLUDING_64_BIT)";
				CLANG_CXX_LANGUAGE_STANDARD = "gnu++0x";
				CLANG_CXX_LIBRARY = "libc++";
				CLANG_ENABLE_MODULES = YES;
				CLANG_ENABLE_OBJC_ARC = YES;
				CLANG_WARN_BOOL_CONVERSION = YES;
				CLANG_WARN_CONSTANT_CONVERSION = YES;
				CLANG_WARN_DIRECT_OBJC_ISA_USAGE = YES_ERROR;
				CLANG_WARN_EMPTY_BODY = YES;
				CLANG_WARN_ENUM_CONVERSION = YES;
				CLANG_WARN_INT_CONVERSION = YES;
				CLANG_WARN_OBJC_ROOT_CLASS = YES_ERROR;
				CLANG_WARN__DUPLICATE_METHOD_MATCH = YES;
				"CODE_SIGN_IDENTITY[sdk=iphoneos*]" = "iPhone Developer";
				COPY_PHASE_STRIP = YES;
				ENABLE_NS_ASSERTIONS = NO;
				GCC_C_LANGUAGE_STANDARD = gnu99;
				GCC_WARN_64_TO_32_BIT_CONVERSION = YES;
				GCC_WARN_ABOUT_RETURN_TYPE = YES_ERROR;
				GCC_WARN_UNDECLARED_SELECTOR = YES;
				GCC_WARN_UNINITIALIZED_AUTOS = YES;
				GCC_WARN_UNUSED_FUNCTION = YES;
				GCC_WARN_UNUSED_VARIABLE = YES;
				IPHONEOS_DEPLOYMENT_TARGET = 7.0;
				SDKROOT = iphoneos;
				VALIDATE_PRODUCT = YES;
			};
			name = Release;
		};
		3E9F6E3818AF72850092DA0E /* Debug */ = {
			isa = XCBuildConfiguration;
			buildSettings = {
				ASSETCATALOG_COMPILER_APPICON_NAME = AppIcon;
				ASSETCATALOG_COMPILER_LAUNCHIMAGE_NAME = LaunchImage;
				GCC_PRECOMPILE_PREFIX_HEADER = YES;
				GCC_PREFIX_HEADER = "15BitsTestHW01/15BitsTestHW01-Prefix.pch";
				INFOPLIST_FILE = "15BitsTestHW01/15BitsTestHW01-Info.plist";
				PRODUCT_NAME = "$(TARGET_NAME)";
				WRAPPER_EXTENSION = app;
			};
			name = Debug;
		};
		3E9F6E3918AF72850092DA0E /* Release */ = {
			isa = XCBuildConfiguration;
			buildSettings = {
				ASSETCATALOG_COMPILER_APPICON_NAME = AppIcon;
				ASSETCATALOG_COMPILER_LAUNCHIMAGE_NAME = LaunchImage;
				GCC_PRECOMPILE_PREFIX_HEADER = YES;
				GCC_PREFIX_HEADER = "15BitsTestHW01/15BitsTestHW01-Prefix.pch";
				INFOPLIST_FILE = "15BitsTestHW01/15BitsTestHW01-Info.plist";
				PRODUCT_NAME = "$(TARGET_NAME)";
				WRAPPER_EXTENSION = app;
			};
			name = Release;
		};
		3E9F6E3B18AF72850092DA0E /* Debug */ = {
			isa = XCBuildConfiguration;
			buildSettings = {
				ARCHS = "$(ARCHS_STANDARD_INCLUDING_64_BIT)";
				BUNDLE_LOADER = "$(BUILT_PRODUCTS_DIR)/15BitsTestHW01.app/15BitsTestHW01";
				FRAMEWORK_SEARCH_PATHS = (
					"$(SDKROOT)/Developer/Library/Frameworks",
					"$(inherited)",
					"$(DEVELOPER_FRAMEWORKS_DIR)",
				);
				GCC_PRECOMPILE_PREFIX_HEADER = YES;
				GCC_PREFIX_HEADER = "15BitsTestHW01/15BitsTestHW01-Prefix.pch";
				GCC_PREPROCESSOR_DEFINITIONS = (
					"DEBUG=1",
					"$(inherited)",
				);
				INFOPLIST_FILE = "15BitsTestHW01Tests/15BitsTestHW01Tests-Info.plist";
				PRODUCT_NAME = "$(TARGET_NAME)";
				TEST_HOST = "$(BUNDLE_LOADER)";
				WRAPPER_EXTENSION = xctest;
			};
			name = Debug;
		};
		3E9F6E3C18AF72850092DA0E /* Release */ = {
			isa = XCBuildConfiguration;
			buildSettings = {
				ARCHS = "$(ARCHS_STANDARD_INCLUDING_64_BIT)";
				BUNDLE_LOADER = "$(BUILT_PRODUCTS_DIR)/15BitsTestHW01.app/15BitsTestHW01";
				FRAMEWORK_SEARCH_PATHS = (
					"$(SDKROOT)/Developer/Library/Frameworks",
					"$(inherited)",
					"$(DEVELOPER_FRAMEWORKS_DIR)",
				);
				GCC_PRECOMPILE_PREFIX_HEADER = YES;
				GCC_PREFIX_HEADER = "15BitsTestHW01/15BitsTestHW01-Prefix.pch";
				INFOPLIST_FILE = "15BitsTestHW01Tests/15BitsTestHW01Tests-Info.plist";
				PRODUCT_NAME = "$(TARGET_NAME)";
				TEST_HOST = "$(BUNDLE_LOADER)";
				WRAPPER_EXTENSION = xctest;
			};
			name = Release;
		};
/* End XCBuildConfiguration section */

/* Begin XCConfigurationList section */
		3E9F6E0618AF72850092DA0E /* Build configuration list for PBXProject "15BitsTestHW01" */ = {
			isa = XCConfigurationList;
			buildConfigurations = (
				3E9F6E3518AF72850092DA0E /* Debug */,
				3E9F6E3618AF72850092DA0E /* Release */,
			);
			defaultConfigurationIsVisible = 0;
			defaultConfigurationName = Release;
		};
		3E9F6E3718AF72850092DA0E /* Build configuration list for PBXNativeTarget "15BitsTestHW01" */ = {
			isa = XCConfigurationList;
			buildConfigurations = (
				3E9F6E3818AF72850092DA0E /* Debug */,
				3E9F6E3918AF72850092DA0E /* Release */,
			);
			defaultConfigurationIsVisible = 0;
			defaultConfigurationName = Release;
		};
		3E9F6E3A18AF72850092DA0E /* Build configuration list for PBXNativeTarget "15BitsTestHW01Tests" */ = {
			isa = XCConfigurationList;
			buildConfigurations = (
				3E9F6E3B18AF72850092DA0E /* Debug */,
				3E9F6E3C18AF72850092DA0E /* Release */,
			);
			defaultConfigurationIsVisible = 0;
			defaultConfigurationName = Release;
		};
/* End XCConfigurationList section */
	};
	rootObject = 3E9F6E0318AF72850092DA0E /* Project object */;
}
